{
  "version": 4,
  "terraform_version": "1.14.2",
  "serial": 1,
  "lineage": "7b869196-0e5d-aadd-52de-92568d0d1112",
  "outputs": {},
  "resources": [
    {
      "mode": "managed",
      "type": "random_id",
      "name": "bucket_suffix",
      "provider": "provider[\"registry.terraform.io/hashicorp/random\"]",
      "instances": [
        {
          "schema_version": 0,
          "attributes": {
            "b64_std": "vWi28Ao6",
            "b64_url": "vWi28Ao6",
            "byte_length": 6,
            "dec": "208257443433018",
            "hex": "bd68b6f00a3a",
            "id": "vWi28Ao6",
            "keepers": null,
            "prefix": null
          },
          "sensitive_attributes": [],
          "identity_schema_version": 0
        }
      ]
    }
  ],
  "check_results": null
}
